
Microsoft Visual Studio Solution File, Format Version 12.00
Project("{FAE04EC0-301F-11D3-BF4B-00C04F79EFBC}") = "SocialCode.API", "SocialCode.API\SocialCode.API.csproj", "{C08B3030-01BF-47F5-89F1-FED08569182C}"
EndProject
Project("{FAE04EC0-301F-11D3-BF4B-00C04F79EFBC}") = "SocialCode.Domain", "SocialCode.Domain\SocialCode.Domain.csproj", "{E3BC9DE5-4EA6-4839-A385-6B7AC80C9810}"
EndProject
Project("{FAE04EC0-301F-11D3-BF4B-00C04F79EFBC}") = "SocialCode.Infrastructure", "SocialCode.Infrastructure\SocialCode.Infrastructure.csproj", "{9882E876-557A-48C2-AF86-D15FA8F47512}"
EndProject
Global
	GlobalSection(SolutionConfigurationPlatforms) = preSolution
		Debug|Any CPU = Debug|Any CPU
		Release|Any CPU = Release|Any CPU
	EndGlobalSection
	GlobalSection(ProjectConfigurationPlatforms) = postSolution
		{C08B3030-01BF-47F5-89F1-FED08569182C}.Debug|Any CPU.ActiveCfg = Debug|Any CPU
		{C08B3030-01BF-47F5-89F1-FED08569182C}.Debug|Any CPU.Build.0 = Debug|Any CPU
		{C08B3030-01BF-47F5-89F1-FED08569182C}.Release|Any CPU.ActiveCfg = Release|Any CPU
		{C08B3030-01BF-47F5-89F1-FED08569182C}.Release|Any CPU.Build.0 = Release|Any CPU
		{E3BC9DE5-4EA6-4839-A385-6B7AC80C9810}.Debug|Any CPU.ActiveCfg = Debug|Any CPU
		{E3BC9DE5-4EA6-4839-A385-6B7AC80C9810}.Debug|Any CPU.Build.0 = Debug|Any CPU
		{E3BC9DE5-4EA6-4839-A385-6B7AC80C9810}.Release|Any CPU.ActiveCfg = Release|Any CPU
		{E3BC9DE5-4EA6-4839-A385-6B7AC80C9810}.Release|Any CPU.Build.0 = Release|Any CPU
		{9882E876-557A-48C2-AF86-D15FA8F47512}.Debug|Any CPU.ActiveCfg = Debug|Any CPU
		{9882E876-557A-48C2-AF86-D15FA8F47512}.Debug|Any CPU.Build.0 = Debug|Any CPU
		{9882E876-557A-48C2-AF86-D15FA8F47512}.Release|Any CPU.ActiveCfg = Release|Any CPU
		{9882E876-557A-48C2-AF86-D15FA8F47512}.Release|Any CPU.Build.0 = Release|Any CPU
	EndGlobalSection
EndGlobal
